
Microsoft Visual Studio Solution File, Format Version 12.00
# Visual Studio 15
VisualStudioVersion = 15.0.28307.572
MinimumVisualStudioVersion = 10.0.40219.1
Project("{FAE04EC0-301F-11D3-BF4B-00C04F79EFBC}") = "FileDownloader", "FileDownloader\FileDownloader.csproj", "{3A119C98-A85E-4F1B-AB5C-DA76EDB1FEBD}"
EndProject
Global
	GlobalSection(SolutionConfigurationPlatforms) = preSolution
		Debug|Any CPU = Debug|Any CPU
		Release|Any CPU = Release|Any CPU
	EndGlobalSection
	GlobalSection(ProjectConfigurationPlatforms) = postSolution
		{3A119C98-A85E-4F1B-AB5C-DA76EDB1FEBD}.Debug|Any CPU.ActiveCfg = Debug|Any CPU
		{3A119C98-A85E-4F1B-AB5C-DA76EDB1FEBD}.Debug|Any CPU.Build.0 = Debug|Any CPU
		{3A119C98-A85E-4F1B-AB5C-DA76EDB1FEBD}.Release|Any CPU.ActiveCfg = Release|Any CPU
		{3A119C98-A85E-4F1B-AB5C-DA76EDB1FEBD}.Release|Any CPU.Build.0 = Release|Any CPU
	EndGlobalSection
	GlobalSection(SolutionProperties) = preSolution
		HideSolutionNode = FALSE
	EndGlobalSection
	GlobalSection(ExtensibilityGlobals) = postSolution
		SolutionGuid = {34A72B80-5B4B-42A7-9A52-F5FA0A9C6EE9}
	EndGlobalSection
EndGlobal
