
Microsoft Visual Studio Solution File, Format Version 12.00
# Visual Studio 2012
Project("{FAE04EC0-301F-11D3-BF4B-00C04F79EFBC}") = "FileDownloader", "FileDownloader\FileDownloader.csproj", "{3A119C98-A85E-4F1B-AB5C-DA76EDB1FEBD}"
EndProject
Global
	GlobalSection(SolutionConfigurationPlatforms) = preSolution
		Debug|Any CPU = Debug|Any CPU
		Release|Any CPU = Release|Any CPU
	EndGlobalSection
	GlobalSection(ProjectConfigurationPlatforms) = postSolution
		{3A119C98-A85E-4F1B-AB5C-DA76EDB1FEBD}.Debug|Any CPU.ActiveCfg = Debug|Any CPU
		{3A119C98-A85E-4F1B-AB5C-DA76EDB1FEBD}.Debug|Any CPU.Build.0 = Debug|Any CPU
		{3A119C98-A85E-4F1B-AB5C-DA76EDB1FEBD}.Release|Any CPU.ActiveCfg = Release|Any CPU
		{3A119C98-A85E-4F1B-AB5C-DA76EDB1FEBD}.Release|Any CPU.Build.0 = Release|Any CPU
	EndGlobalSection
	GlobalSection(SolutionProperties) = preSolution
		HideSolutionNode = FALSE
	EndGlobalSection
EndGlobal
